{
  "name": "eba-file-parse",
  "version": "1.0.0",
  "lockfileVersion": 2,
  "requires": true,
  "packages": {
    "": {
      "name": "eba-file-parse",
      "version": "1.0.0",
      "license": "ISC",
      "dependencies": {
        "stream-json": "^1.7.4"
      }
    },
    "node_modules/excel-export": {
      "version": "0.3.11",
      "resolved": "https://registry.npmjs.org/excel-export/-/excel-export-0.3.11.tgz",
      "integrity": "sha512-yeAj651KpOFsTej/WolfJyjJNyKn4b4SM8aLKohteBn7fJqXPmW+x+t80O2g+AJD2WZlpTc93Lw0gk5KIBPBJw==",
      "dependencies": {
        "node-zip": "1.x"
      }
    },
    "node_modules/json2xls": {
      "version": "0.1.2",
      "resolved": "https://registry.npmjs.org/json2xls/-/json2xls-0.1.2.tgz",
      "integrity": "sha512-cnYzE6hzdYoiMAiCKnX6SJooyQ3cq+KKhEWv5d7CQNiX3TRIeEZsvvbeuIiB78Be5qDok7SBGuTv3IU524DTFQ==",
      "dependencies": {
        "excel-export": "~0.3.11"
      }
    },
    "node_modules/jszip": {
      "version": "2.5.0",
      "resolved": "https://registry.npmjs.org/jszip/-/jszip-2.5.0.tgz",
      "integrity": "sha512-IRoyf8JSYY3nx+uyh5xPc0qdy8pUDTp2UkHOWYNF/IO/3D8nx7899UlSAjD8rf8wUgOmm0lACWx/GbW3EaxIXQ==",
      "dependencies": {
        "pako": "~0.2.5"
      }
    },
    "node_modules/node-zip": {
      "version": "1.1.1",
      "resolved": "https://registry.npmjs.org/node-zip/-/node-zip-1.1.1.tgz",
      "integrity": "sha512-sXfGL65EcaAJqNSXxuyf//i4D4geUtJgZDYUd7IBo2/CH8XY8vcWh1+CBCxuVVyR+S4vAFc3hr//JkCi2+V5vg==",
      "dependencies": {
        "jszip": "2.5.0"
      },
      "bin": {
        "nodezip": "bin/nodezip"
      },
      "engines": {
        "node": "*"
      }
    },
    "node_modules/pako": {
      "version": "0.2.9",
      "resolved": "https://registry.npmjs.org/pako/-/pako-0.2.9.tgz",
      "integrity": "sha512-NUcwaKxUxWrZLpDG+z/xZaCgQITkA/Dv4V/T6bw7VON6l1Xz/VnrBqrYjZQ12TamKHzITTfOEIYUj48y2KXImA=="
    },
    "node_modules/stream-chain": {
      "version": "2.2.5",
      "resolved": "https://registry.npmjs.org/stream-chain/-/stream-chain-2.2.5.tgz",
      "integrity": "sha512-1TJmBx6aSWqZ4tx7aTpBDXK0/e2hhcNSTV8+CbFJtDjbb+I1mZ8lHit0Grw9GRT+6JbIrrDd8esncgBi8aBXGA=="
    },
    "node_modules/stream-json": {
      "version": "1.7.4",
      "resolved": "https://registry.npmjs.org/stream-json/-/stream-json-1.7.4.tgz",
      "integrity": "sha512-ja2dde1v7dOlx5/vmavn8kLrxvNfs7r2oNc5DYmNJzayDDdudyCSuTB1gFjH4XBVTIwxiMxL4i059HX+ZiouXg==",
      "dependencies": {
        "stream-chain": "^2.2.5"
      }
    }
  },
  "dependencies": {
    "excel-export": {
      "version": "0.3.11",
      "resolved": "https://registry.npmjs.org/excel-export/-/excel-export-0.3.11.tgz",
      "integrity": "sha512-yeAj651KpOFsTej/WolfJyjJNyKn4b4SM8aLKohteBn7fJqXPmW+x+t80O2g+AJD2WZlpTc93Lw0gk5KIBPBJw==",
      "requires": {
        "node-zip": "1.x"
      }
    },
    "json2xls": {
      "version": "https://registry.npmjs.org/json2xls/-/json2xls-0.1.2.tgz",
      "integrity": "sha512-cnYzE6hzdYoiMAiCKnX6SJooyQ3cq+KKhEWv5d7CQNiX3TRIeEZsvvbeuIiB78Be5qDok7SBGuTv3IU524DTFQ==",
      "requires": {
        "excel-export": "~0.3.11"
      }
    },
    "jszip": {
      "version": "2.5.0",
      "resolved": "https://registry.npmjs.org/jszip/-/jszip-2.5.0.tgz",
      "integrity": "sha512-IRoyf8JSYY3nx+uyh5xPc0qdy8pUDTp2UkHOWYNF/IO/3D8nx7899UlSAjD8rf8wUgOmm0lACWx/GbW3EaxIXQ==",
      "requires": {
        "pako": "~0.2.5"
      }
    },
    "node-zip": {
      "version": "1.1.1",
      "resolved": "https://registry.npmjs.org/node-zip/-/node-zip-1.1.1.tgz",
      "integrity": "sha512-sXfGL65EcaAJqNSXxuyf//i4D4geUtJgZDYUd7IBo2/CH8XY8vcWh1+CBCxuVVyR+S4vAFc3hr//JkCi2+V5vg==",
      "requires": {
        "jszip": "2.5.0"
      }
    },
    "pako": {
      "version": "0.2.9",
      "resolved": "https://registry.npmjs.org/pako/-/pako-0.2.9.tgz",
      "integrity": "sha512-NUcwaKxUxWrZLpDG+z/xZaCgQITkA/Dv4V/T6bw7VON6l1Xz/VnrBqrYjZQ12TamKHzITTfOEIYUj48y2KXImA=="
    },
    "stream-chain": {
      "version": "2.2.5",
      "resolved": "https://registry.npmjs.org/stream-chain/-/stream-chain-2.2.5.tgz",
      "integrity": "sha512-1TJmBx6aSWqZ4tx7aTpBDXK0/e2hhcNSTV8+CbFJtDjbb+I1mZ8lHit0Grw9GRT+6JbIrrDd8esncgBi8aBXGA=="
    },
    "stream-json": {
      "version": "1.7.4",
      "resolved": "https://registry.npmjs.org/stream-json/-/stream-json-1.7.4.tgz",
      "integrity": "sha512-ja2dde1v7dOlx5/vmavn8kLrxvNfs7r2oNc5DYmNJzayDDdudyCSuTB1gFjH4XBVTIwxiMxL4i059HX+ZiouXg==",
      "requires": {
        "stream-chain": "^2.2.5"
      }
    }
  }
}
